
Microsoft Visual Studio Solution File, Format Version 12.00
# Visual Studio Version 17
VisualStudioVersion = 17.2.32616.157
MinimumVisualStudioVersion = 10.0.40219.1
Project("{FAE04EC0-301F-11D3-BF4B-00C04F79EFBC}") = "Battleship", "Battleship\Battleship.csproj", "{23F87477-656A-4341-AA0E-8A643F7CFB87}"
EndProject
Global
	GlobalSection(SolutionConfigurationPlatforms) = preSolution
		Debug|Any CPU = Debug|Any CPU
		Release|Any CPU = Release|Any CPU
	EndGlobalSection
	GlobalSection(ProjectConfigurationPlatforms) = postSolution
		{23F87477-656A-4341-AA0E-8A643F7CFB87}.Debug|Any CPU.ActiveCfg = Debug|Any CPU
		{23F87477-656A-4341-AA0E-8A643F7CFB87}.Debug|Any CPU.Build.0 = Debug|Any CPU
		{23F87477-656A-4341-AA0E-8A643F7CFB87}.Release|Any CPU.ActiveCfg = Release|Any CPU
		{23F87477-656A-4341-AA0E-8A643F7CFB87}.Release|Any CPU.Build.0 = Release|Any CPU
	EndGlobalSection
	GlobalSection(SolutionProperties) = preSolution
		HideSolutionNode = FALSE
	EndGlobalSection
	GlobalSection(ExtensibilityGlobals) = postSolution
		SolutionGuid = {7AA4FDDE-2814-4448-9169-B9AE4D48EF7A}
	EndGlobalSection
EndGlobal
